
Microsoft Visual Studio Solution File, Format Version 12.00
# Visual Studio Version 16
VisualStudioVersion = 16.0.30804.86
MinimumVisualStudioVersion = 10.0.40219.1
Project("{FAE04EC0-301F-11D3-BF4B-00C04F79EFBC}") = "BlazingPizza.Server", "Server\BlazingPizza.Server.csproj", "{6185D37C-3AB6-4485-AA52-47AC3E1C8B1A}"
EndProject
Project("{FAE04EC0-301F-11D3-BF4B-00C04F79EFBC}") = "BlazingPizza.Client", "Client\BlazingPizza.Client.csproj", "{DE71773F-A97B-4F0D-8890-5C9546F8A4B8}"
EndProject
Project("{FAE04EC0-301F-11D3-BF4B-00C04F79EFBC}") = "BlazingPizza.Shared", "Shared\BlazingPizza.Shared.csproj", "{EA23D719-354E-43FA-86B8-A9497628C74A}"
EndProject
Global
	GlobalSection(SolutionConfigurationPlatforms) = preSolution
		Debug|Any CPU = Debug|Any CPU
		Release|Any CPU = Release|Any CPU
	EndGlobalSection
	GlobalSection(ProjectConfigurationPlatforms) = postSolution
		{6185D37C-3AB6-4485-AA52-47AC3E1C8B1A}.Debug|Any CPU.ActiveCfg = Debug|Any CPU
		{6185D37C-3AB6-4485-AA52-47AC3E1C8B1A}.Debug|Any CPU.Build.0 = Debug|Any CPU
		{6185D37C-3AB6-4485-AA52-47AC3E1C8B1A}.Release|Any CPU.ActiveCfg = Release|Any CPU
		{6185D37C-3AB6-4485-AA52-47AC3E1C8B1A}.Release|Any CPU.Build.0 = Release|Any CPU
		{DE71773F-A97B-4F0D-8890-5C9546F8A4B8}.Debug|Any CPU.ActiveCfg = Debug|Any CPU
		{DE71773F-A97B-4F0D-8890-5C9546F8A4B8}.Debug|Any CPU.Build.0 = Debug|Any CPU
		{DE71773F-A97B-4F0D-8890-5C9546F8A4B8}.Release|Any CPU.ActiveCfg = Release|Any CPU
		{DE71773F-A97B-4F0D-8890-5C9546F8A4B8}.Release|Any CPU.Build.0 = Release|Any CPU
		{EA23D719-354E-43FA-86B8-A9497628C74A}.Debug|Any CPU.ActiveCfg = Debug|Any CPU
		{EA23D719-354E-43FA-86B8-A9497628C74A}.Debug|Any CPU.Build.0 = Debug|Any CPU
		{EA23D719-354E-43FA-86B8-A9497628C74A}.Release|Any CPU.ActiveCfg = Release|Any CPU
		{EA23D719-354E-43FA-86B8-A9497628C74A}.Release|Any CPU.Build.0 = Release|Any CPU
	EndGlobalSection
	GlobalSection(SolutionProperties) = preSolution
		HideSolutionNode = FALSE
	EndGlobalSection
	GlobalSection(ExtensibilityGlobals) = postSolution
		SolutionGuid = {767642AC-3916-4CEF-8F4B-3A9BCA1F7A09}
	EndGlobalSection
EndGlobal
